
Microsoft Visual Studio Solution File, Format Version 12.00
# Visual Studio Version 17
VisualStudioVersion = 17.0.31903.59
MinimumVisualStudioVersion = 10.0.40219.1
Project("{2150E333-8FDC-42A3-9474-1A3956D46DE8}") = "src", "src", "{09B3A620-2CD2-43EF-85AC-FBDF60B798E9}"
EndProject
Project("{2150E333-8FDC-42A3-9474-1A3956D46DE8}") = "AdSyst.Advertisments", "AdSyst.Advertisments", "{DB6AC7FA-C6B4-4688-A52F-7F6F6BFE522D}"
EndProject
Project("{FAE04EC0-301F-11D3-BF4B-00C04F79EFBC}") = "AdSyst.Advertisments.Api", "src\AdSyst.Advertisments\AdSyst.Advertisments.Api\AdSyst.Advertisments.Api.csproj", "{4FE3567D-DF16-47C0-B10B-A05671BAD460}"
EndProject
Project("{FAE04EC0-301F-11D3-BF4B-00C04F79EFBC}") = "AdSyst.Advertisments.Application", "src\AdSyst.Advertisments\AdSyst.Advertisments.Application\AdSyst.Advertisments.Application.csproj", "{C2405C2E-FEF1-4BB4-811C-5E62551FA495}"
EndProject
Project("{FAE04EC0-301F-11D3-BF4B-00C04F79EFBC}") = "AdSyst.Advertisments.Domain", "src\AdSyst.Advertisments\AdSyst.Advertisments.Domain\AdSyst.Advertisments.Domain.csproj", "{4B01B842-C8D4-40F5-89DC-8C378FD69AFA}"
EndProject
Project("{FAE04EC0-301F-11D3-BF4B-00C04F79EFBC}") = "AdSyst.Advertisments.Infrastructure", "src\AdSyst.Advertisments\AdSyst.Advertisments.Infrastructure\AdSyst.Advertisments.Infrastructure.csproj", "{121ED824-178D-4BD6-A5D7-D6D6E424BB02}"
EndProject
Project("{2150E333-8FDC-42A3-9474-1A3956D46DE8}") = "AdSyst.AuthService", "AdSyst.AuthService", "{DD28AFA9-2319-486B-B531-2A5245380211}"
EndProject
Project("{2150E333-8FDC-42A3-9474-1A3956D46DE8}") = "AdSyst.Common", "AdSyst.Common", "{6F843CDD-AF2F-4EBA-AE4E-2F7B42FD8025}"
EndProject
Project("{FAE04EC0-301F-11D3-BF4B-00C04F79EFBC}") = "AdSyst.Common.Application", "src\AdSyst.Common\AdSyst.Common.Application\AdSyst.Common.Application.csproj", "{B38255CE-B46C-4108-A577-614220C73946}"
EndProject
Project("{FAE04EC0-301F-11D3-BF4B-00C04F79EFBC}") = "AdSyst.Common.BusinessLayer", "src\AdSyst.Common\AdSyst.Common.BusinessLayer\AdSyst.Common.BusinessLayer.csproj", "{B7C89B96-2164-42BE-B354-6F7BEBEF97D7}"
EndProject
Project("{FAE04EC0-301F-11D3-BF4B-00C04F79EFBC}") = "AdSyst.Common.Contracts", "src\AdSyst.Common\AdSyst.Common.Contracts\AdSyst.Common.Contracts.csproj", "{A20EDC68-3695-423E-A474-13FF9C5CF345}"
EndProject
Project("{FAE04EC0-301F-11D3-BF4B-00C04F79EFBC}") = "AdSyst.Common.DAL.MongoDb", "src\AdSyst.Common\AdSyst.Common.DAL.MongoDb\AdSyst.Common.DAL.MongoDb.csproj", "{F9B59EED-37A3-4FFD-ACBC-FEDF263D728C}"
EndProject
Project("{FAE04EC0-301F-11D3-BF4B-00C04F79EFBC}") = "AdSyst.Common.Infrastructure", "src\AdSyst.Common\AdSyst.Common.Infrastructure\AdSyst.Common.Infrastructure.csproj", "{C6895142-4199-40E3-8D6D-CE3B1435729C}"
EndProject
Project("{FAE04EC0-301F-11D3-BF4B-00C04F79EFBC}") = "AdSyst.Common.Presentation", "src\AdSyst.Common\AdSyst.Common.Presentation\AdSyst.Common.Presentation.csproj", "{08F33417-5172-4463-AB8D-6878D7F372FB}"
EndProject
Project("{FAE04EC0-301F-11D3-BF4B-00C04F79EFBC}") = "AdSyst.EmailWorker", "src\AdSyst.EmailWorker\AdSyst.EmailWorker.csproj", "{16B2C064-0C2F-4318-AA36-8876E597E61F}"
EndProject
Project("{2150E333-8FDC-42A3-9474-1A3956D46DE8}") = "AdSyst.ModerationService", "AdSyst.ModerationService", "{E504495C-B244-478B-BEB8-6ABCDD2217C9}"
EndProject
Project("{FAE04EC0-301F-11D3-BF4B-00C04F79EFBC}") = "AdSyst.Moderation.Api", "src\AdSyst.ModerationService\AdSyst.Moderation.Api\AdSyst.Moderation.Api.csproj", "{DB244599-8A7F-45A0-8BD4-93993DCC65ED}"
EndProject
Project("{FAE04EC0-301F-11D3-BF4B-00C04F79EFBC}") = "AdSyst.Moderation.Application", "src\AdSyst.ModerationService\AdSyst.Moderation.Application\AdSyst.Moderation.Application.csproj", "{52E4AB36-4FBB-4658-BCE6-52D4255E437A}"
EndProject
Project("{FAE04EC0-301F-11D3-BF4B-00C04F79EFBC}") = "AdSyst.Moderation.BusinessLayer", "src\AdSyst.ModerationService\AdSyst.Moderation.BusinessLayer\AdSyst.Moderation.BusinessLayer.csproj", "{9A40255C-212D-46BC-B599-0A483812FF42}"
EndProject
Project("{FAE04EC0-301F-11D3-BF4B-00C04F79EFBC}") = "AdSyst.Moderation.DAL.MongoDb", "src\AdSyst.ModerationService\AdSyst.Moderation.DAL.MongoDb\AdSyst.Moderation.DAL.MongoDb.csproj", "{66E9E29A-FE34-4D4C-8BF6-894BBA40193C}"
EndProject
Project("{2150E333-8FDC-42A3-9474-1A3956D46DE8}") = "AdSyst.NotificationService", "AdSyst.NotificationService", "{0B4302B2-9DEA-481B-B8EB-1E269651B84B}"
EndProject
Project("{FAE04EC0-301F-11D3-BF4B-00C04F79EFBC}") = "AdSyst.Notifications.Api", "src\AdSyst.NotificationService\AdSyst.Notifications.Api\AdSyst.Notifications.Api.csproj", "{A60183F2-F9AD-4FA8-BCE1-AD1E8E83C8E3}"
EndProject
Project("{FAE04EC0-301F-11D3-BF4B-00C04F79EFBC}") = "AdSyst.Notifications.Application", "src\AdSyst.NotificationService\AdSyst.Notifications.Application\AdSyst.Notifications.Application.csproj", "{F2AA9A6F-A81C-4940-BB08-2510ED548F7D}"
EndProject
Project("{FAE04EC0-301F-11D3-BF4B-00C04F79EFBC}") = "AdSyst.Notifications.BusinessLayer", "src\AdSyst.NotificationService\AdSyst.Notifications.BusinessLayer\AdSyst.Notifications.BusinessLayer.csproj", "{87EAE0C0-D2B2-4D4D-A19C-8BF3CDC44BA3}"
EndProject
Project("{FAE04EC0-301F-11D3-BF4B-00C04F79EFBC}") = "AdSyst.Notifications.DAL.MongoDb", "src\AdSyst.NotificationService\AdSyst.Notifications.DAL.MongoDb\AdSyst.Notifications.DAL.MongoDb.csproj", "{82CC870C-F2A8-4892-B6D6-3EB53D73216D}"
EndProject
Project("{2150E333-8FDC-42A3-9474-1A3956D46DE8}") = "AdSyst.Orders", "AdSyst.Orders", "{EB06A245-2854-424D-A956-1DDB8E5F007C}"
EndProject
Project("{FAE04EC0-301F-11D3-BF4B-00C04F79EFBC}") = "AdSyst.Orders.Api", "src\AdSyst.Orders\AdSyst.Orders.Api\AdSyst.Orders.Api.csproj", "{CFA7A7AF-45D0-4FD7-951C-53EEB2CCCDD5}"
EndProject
Project("{FAE04EC0-301F-11D3-BF4B-00C04F79EFBC}") = "AdSyst.Orders.Application", "src\AdSyst.Orders\AdSyst.Orders.Application\AdSyst.Orders.Application.csproj", "{86D3E776-63D8-47D5-AAF9-F3DDB3A99C41}"
EndProject
Project("{FAE04EC0-301F-11D3-BF4B-00C04F79EFBC}") = "AdSyst.Orders.BusinessLayer", "src\AdSyst.Orders\AdSyst.Orders.BusinessLayer\AdSyst.Orders.BusinessLayer.csproj", "{A0F4DBC4-CD04-4150-BFA6-BD51BAA8D0B9}"
EndProject
Project("{FAE04EC0-301F-11D3-BF4B-00C04F79EFBC}") = "AdSyst.Orders.DAL.MongoDb", "src\AdSyst.Orders\AdSyst.Orders.DAL.MongoDb\AdSyst.Orders.DAL.MongoDb.csproj", "{6DE84A19-55F4-470A-A97C-866158BBA0FF}"
EndProject
Project("{FAE04EC0-301F-11D3-BF4B-00C04F79EFBC}") = "AdSyst.Orders.SyncDataServices", "src\AdSyst.Orders\AdSyst.Orders.SyncDataServices\AdSyst.Orders.SyncDataServices.csproj", "{CAD620AA-134C-4CBA-8CF2-1C60B5813F3A}"
EndProject
Project("{2150E333-8FDC-42A3-9474-1A3956D46DE8}") = "AdSyst.WebFiles", "AdSyst.WebFiles", "{0F71B053-9651-4058-AF88-1516C9CCE47B}"
EndProject
Project("{FAE04EC0-301F-11D3-BF4B-00C04F79EFBC}") = "AdSyst.WebFiles.Api", "src\AdSyst.WebFiles\AdSyst.WebFiles.Api\AdSyst.WebFiles.Api.csproj", "{0C4BE2D2-6175-4CAD-AC4A-DEFB0F3B4F62}"
EndProject
Project("{FAE04EC0-301F-11D3-BF4B-00C04F79EFBC}") = "AdSyst.WebFiles.Application", "src\AdSyst.WebFiles\AdSyst.WebFiles.Application\AdSyst.WebFiles.Application.csproj", "{6BE9EB87-F75B-4935-BAFE-3E885C898CC9}"
EndProject
Project("{FAE04EC0-301F-11D3-BF4B-00C04F79EFBC}") = "AdSyst.WebFiles.BusinessLayer", "src\AdSyst.WebFiles\AdSyst.WebFiles.BusinessLayer\AdSyst.WebFiles.BusinessLayer.csproj", "{29F8D13C-DD0E-48FB-BC4C-7494533AA257}"
EndProject
Project("{FAE04EC0-301F-11D3-BF4B-00C04F79EFBC}") = "AdSyst.WebFiles.DAL.MongoDb", "src\AdSyst.WebFiles\AdSyst.WebFiles.DAL.MongoDb\AdSyst.WebFiles.DAL.MongoDb.csproj", "{6521FDF0-DA12-4281-8F54-D7B05DB8B9CF}"
EndProject
Project("{2150E333-8FDC-42A3-9474-1A3956D46DE8}") = "tests", "tests", "{71B7235B-98D6-4576-8225-55E2A5960F3C}"
EndProject
Project("{2150E333-8FDC-42A3-9474-1A3956D46DE8}") = "AdSyst.Advertisments.Tests", "AdSyst.Advertisments.Tests", "{5D48C8FA-5058-47FE-845A-913A26BA8DC5}"
EndProject
Project("{FAE04EC0-301F-11D3-BF4B-00C04F79EFBC}") = "AdSyst.Advertisments.Application.Tests", "tests\AdSyst.Advertisments.Tests\AdSyst.Advertisments.Application.Tests\AdSyst.Advertisments.Application.Tests.csproj", "{BBA64BD1-712E-4474-963F-7F88F8B63B74}"
EndProject
Project("{FAE04EC0-301F-11D3-BF4B-00C04F79EFBC}") = "AdSyst.Advertisments.Domain.Tests", "tests\AdSyst.Advertisments.Tests\AdSyst.Advertisments.Domain.Tests\AdSyst.Advertisments.Domain.Tests.csproj", "{476B19BA-B9A5-40FE-8462-568C928EB6CC}"
EndProject
Project("{2150E333-8FDC-42A3-9474-1A3956D46DE8}") = "AdSyst.AuthService.Tests", "AdSyst.AuthService.Tests", "{B644ED9F-7801-4154-A723-F9F7B4AF4B51}"
EndProject
Project("{2150E333-8FDC-42A3-9474-1A3956D46DE8}") = "Presentation", "Presentation", "{4AEE4802-981F-484E-9182-AC710B7DBE76}"
EndProject
Project("{2150E333-8FDC-42A3-9474-1A3956D46DE8}") = "AdSyst.AuthService.Api", "AdSyst.AuthService.Api", "{26428D80-6641-45AF-AB97-FD5C7A766B6C}"
EndProject
Project("{FAE04EC0-301F-11D3-BF4B-00C04F79EFBC}") = "AdSyst.AuthService.Api.IntegrationTests", "tests\AdSyst.AuthService.Tests\Presentation\AdSyst.AuthService.Api\AdSyst.AuthService.Api.IntegrationTests\AdSyst.AuthService.Api.IntegrationTests.csproj", "{B12FE884-6DD5-4695-9343-91E2D90F6E14}"
EndProject
Project("{2150E333-8FDC-42A3-9474-1A3956D46DE8}") = "tools", "tools", "{92243A01-387E-4048-9215-3708454FC51E}"
EndProject
Project("{FAE04EC0-301F-11D3-BF4B-00C04F79EFBC}") = "AdSyst.MigrationsTool", "tools\AdSyst.MigrationsTool\AdSyst.MigrationsTool.csproj", "{14991C45-1F70-4EA9-AB9D-CCE1E20919CE}"
EndProject
Project("{FAE04EC0-301F-11D3-BF4B-00C04F79EFBC}") = "AdSyst.AuthService.Domain", "src\AdSyst.AuthService\AdSyst.AuthService.Domain\AdSyst.AuthService.Domain.csproj", "{51BAF542-ADCE-4D41-BA64-4A561FC6FE88}"
EndProject
Project("{FAE04EC0-301F-11D3-BF4B-00C04F79EFBC}") = "AdSyst.AuthService.Application", "src\AdSyst.AuthService\AdSyst.AuthService.Application\AdSyst.AuthService.Application.csproj", "{4DEE898C-2F02-4226-830A-F1DDD5CE543B}"
EndProject
Project("{FAE04EC0-301F-11D3-BF4B-00C04F79EFBC}") = "AdSyst.AuthService.Infrastructure", "src\AdSyst.AuthService\AdSyst.AuthService.Infrastructure\AdSyst.AuthService.Infrastructure.csproj", "{F690E142-21AC-4246-A005-7733C9F11A25}"
EndProject
Project("{FAE04EC0-301F-11D3-BF4B-00C04F79EFBC}") = "AdSyst.AuthService.Api", "src\AdSyst.AuthService\AdSyst.AuthService.Api\AdSyst.AuthService.Api.csproj", "{5669D95F-6042-4564-8B01-E04128D02E43}"
EndProject
Global
	GlobalSection(SolutionConfigurationPlatforms) = preSolution
		Debug|Any CPU = Debug|Any CPU
		Release|Any CPU = Release|Any CPU
	EndGlobalSection
	GlobalSection(SolutionProperties) = preSolution
		HideSolutionNode = FALSE
	EndGlobalSection
	GlobalSection(ProjectConfigurationPlatforms) = postSolution
		{4FE3567D-DF16-47C0-B10B-A05671BAD460}.Debug|Any CPU.ActiveCfg = Debug|Any CPU
		{4FE3567D-DF16-47C0-B10B-A05671BAD460}.Debug|Any CPU.Build.0 = Debug|Any CPU
		{4FE3567D-DF16-47C0-B10B-A05671BAD460}.Release|Any CPU.ActiveCfg = Release|Any CPU
		{4FE3567D-DF16-47C0-B10B-A05671BAD460}.Release|Any CPU.Build.0 = Release|Any CPU
		{C2405C2E-FEF1-4BB4-811C-5E62551FA495}.Debug|Any CPU.ActiveCfg = Debug|Any CPU
		{C2405C2E-FEF1-4BB4-811C-5E62551FA495}.Debug|Any CPU.Build.0 = Debug|Any CPU
		{C2405C2E-FEF1-4BB4-811C-5E62551FA495}.Release|Any CPU.ActiveCfg = Release|Any CPU
		{C2405C2E-FEF1-4BB4-811C-5E62551FA495}.Release|Any CPU.Build.0 = Release|Any CPU
		{4B01B842-C8D4-40F5-89DC-8C378FD69AFA}.Debug|Any CPU.ActiveCfg = Debug|Any CPU
		{4B01B842-C8D4-40F5-89DC-8C378FD69AFA}.Debug|Any CPU.Build.0 = Debug|Any CPU
		{4B01B842-C8D4-40F5-89DC-8C378FD69AFA}.Release|Any CPU.ActiveCfg = Release|Any CPU
		{4B01B842-C8D4-40F5-89DC-8C378FD69AFA}.Release|Any CPU.Build.0 = Release|Any CPU
		{121ED824-178D-4BD6-A5D7-D6D6E424BB02}.Debug|Any CPU.ActiveCfg = Debug|Any CPU
		{121ED824-178D-4BD6-A5D7-D6D6E424BB02}.Debug|Any CPU.Build.0 = Debug|Any CPU
		{121ED824-178D-4BD6-A5D7-D6D6E424BB02}.Release|Any CPU.ActiveCfg = Release|Any CPU
		{121ED824-178D-4BD6-A5D7-D6D6E424BB02}.Release|Any CPU.Build.0 = Release|Any CPU
		{B38255CE-B46C-4108-A577-614220C73946}.Debug|Any CPU.ActiveCfg = Debug|Any CPU
		{B38255CE-B46C-4108-A577-614220C73946}.Debug|Any CPU.Build.0 = Debug|Any CPU
		{B38255CE-B46C-4108-A577-614220C73946}.Release|Any CPU.ActiveCfg = Release|Any CPU
		{B38255CE-B46C-4108-A577-614220C73946}.Release|Any CPU.Build.0 = Release|Any CPU
		{B7C89B96-2164-42BE-B354-6F7BEBEF97D7}.Debug|Any CPU.ActiveCfg = Debug|Any CPU
		{B7C89B96-2164-42BE-B354-6F7BEBEF97D7}.Debug|Any CPU.Build.0 = Debug|Any CPU
		{B7C89B96-2164-42BE-B354-6F7BEBEF97D7}.Release|Any CPU.ActiveCfg = Release|Any CPU
		{B7C89B96-2164-42BE-B354-6F7BEBEF97D7}.Release|Any CPU.Build.0 = Release|Any CPU
		{A20EDC68-3695-423E-A474-13FF9C5CF345}.Debug|Any CPU.ActiveCfg = Debug|Any CPU
		{A20EDC68-3695-423E-A474-13FF9C5CF345}.Debug|Any CPU.Build.0 = Debug|Any CPU
		{A20EDC68-3695-423E-A474-13FF9C5CF345}.Release|Any CPU.ActiveCfg = Release|Any CPU
		{A20EDC68-3695-423E-A474-13FF9C5CF345}.Release|Any CPU.Build.0 = Release|Any CPU
		{F9B59EED-37A3-4FFD-ACBC-FEDF263D728C}.Debug|Any CPU.ActiveCfg = Debug|Any CPU
		{F9B59EED-37A3-4FFD-ACBC-FEDF263D728C}.Debug|Any CPU.Build.0 = Debug|Any CPU
		{F9B59EED-37A3-4FFD-ACBC-FEDF263D728C}.Release|Any CPU.ActiveCfg = Release|Any CPU
		{F9B59EED-37A3-4FFD-ACBC-FEDF263D728C}.Release|Any CPU.Build.0 = Release|Any CPU
		{C6895142-4199-40E3-8D6D-CE3B1435729C}.Debug|Any CPU.ActiveCfg = Debug|Any CPU
		{C6895142-4199-40E3-8D6D-CE3B1435729C}.Debug|Any CPU.Build.0 = Debug|Any CPU
		{C6895142-4199-40E3-8D6D-CE3B1435729C}.Release|Any CPU.ActiveCfg = Release|Any CPU
		{C6895142-4199-40E3-8D6D-CE3B1435729C}.Release|Any CPU.Build.0 = Release|Any CPU
		{08F33417-5172-4463-AB8D-6878D7F372FB}.Debug|Any CPU.ActiveCfg = Debug|Any CPU
		{08F33417-5172-4463-AB8D-6878D7F372FB}.Debug|Any CPU.Build.0 = Debug|Any CPU
		{08F33417-5172-4463-AB8D-6878D7F372FB}.Release|Any CPU.ActiveCfg = Release|Any CPU
		{08F33417-5172-4463-AB8D-6878D7F372FB}.Release|Any CPU.Build.0 = Release|Any CPU
		{16B2C064-0C2F-4318-AA36-8876E597E61F}.Debug|Any CPU.ActiveCfg = Debug|Any CPU
		{16B2C064-0C2F-4318-AA36-8876E597E61F}.Debug|Any CPU.Build.0 = Debug|Any CPU
		{16B2C064-0C2F-4318-AA36-8876E597E61F}.Release|Any CPU.ActiveCfg = Release|Any CPU
		{16B2C064-0C2F-4318-AA36-8876E597E61F}.Release|Any CPU.Build.0 = Release|Any CPU
		{DB244599-8A7F-45A0-8BD4-93993DCC65ED}.Debug|Any CPU.ActiveCfg = Debug|Any CPU
		{DB244599-8A7F-45A0-8BD4-93993DCC65ED}.Debug|Any CPU.Build.0 = Debug|Any CPU
		{DB244599-8A7F-45A0-8BD4-93993DCC65ED}.Release|Any CPU.ActiveCfg = Release|Any CPU
		{DB244599-8A7F-45A0-8BD4-93993DCC65ED}.Release|Any CPU.Build.0 = Release|Any CPU
		{52E4AB36-4FBB-4658-BCE6-52D4255E437A}.Debug|Any CPU.ActiveCfg = Debug|Any CPU
		{52E4AB36-4FBB-4658-BCE6-52D4255E437A}.Debug|Any CPU.Build.0 = Debug|Any CPU
		{52E4AB36-4FBB-4658-BCE6-52D4255E437A}.Release|Any CPU.ActiveCfg = Release|Any CPU
		{52E4AB36-4FBB-4658-BCE6-52D4255E437A}.Release|Any CPU.Build.0 = Release|Any CPU
		{9A40255C-212D-46BC-B599-0A483812FF42}.Debug|Any CPU.ActiveCfg = Debug|Any CPU
		{9A40255C-212D-46BC-B599-0A483812FF42}.Debug|Any CPU.Build.0 = Debug|Any CPU
		{9A40255C-212D-46BC-B599-0A483812FF42}.Release|Any CPU.ActiveCfg = Release|Any CPU
		{9A40255C-212D-46BC-B599-0A483812FF42}.Release|Any CPU.Build.0 = Release|Any CPU
		{66E9E29A-FE34-4D4C-8BF6-894BBA40193C}.Debug|Any CPU.ActiveCfg = Debug|Any CPU
		{66E9E29A-FE34-4D4C-8BF6-894BBA40193C}.Debug|Any CPU.Build.0 = Debug|Any CPU
		{66E9E29A-FE34-4D4C-8BF6-894BBA40193C}.Release|Any CPU.ActiveCfg = Release|Any CPU
		{66E9E29A-FE34-4D4C-8BF6-894BBA40193C}.Release|Any CPU.Build.0 = Release|Any CPU
		{A60183F2-F9AD-4FA8-BCE1-AD1E8E83C8E3}.Debug|Any CPU.ActiveCfg = Debug|Any CPU
		{A60183F2-F9AD-4FA8-BCE1-AD1E8E83C8E3}.Debug|Any CPU.Build.0 = Debug|Any CPU
		{A60183F2-F9AD-4FA8-BCE1-AD1E8E83C8E3}.Release|Any CPU.ActiveCfg = Release|Any CPU
		{A60183F2-F9AD-4FA8-BCE1-AD1E8E83C8E3}.Release|Any CPU.Build.0 = Release|Any CPU
		{F2AA9A6F-A81C-4940-BB08-2510ED548F7D}.Debug|Any CPU.ActiveCfg = Debug|Any CPU
		{F2AA9A6F-A81C-4940-BB08-2510ED548F7D}.Debug|Any CPU.Build.0 = Debug|Any CPU
		{F2AA9A6F-A81C-4940-BB08-2510ED548F7D}.Release|Any CPU.ActiveCfg = Release|Any CPU
		{F2AA9A6F-A81C-4940-BB08-2510ED548F7D}.Release|Any CPU.Build.0 = Release|Any CPU
		{87EAE0C0-D2B2-4D4D-A19C-8BF3CDC44BA3}.Debug|Any CPU.ActiveCfg = Debug|Any CPU
		{87EAE0C0-D2B2-4D4D-A19C-8BF3CDC44BA3}.Debug|Any CPU.Build.0 = Debug|Any CPU
		{87EAE0C0-D2B2-4D4D-A19C-8BF3CDC44BA3}.Release|Any CPU.ActiveCfg = Release|Any CPU
		{87EAE0C0-D2B2-4D4D-A19C-8BF3CDC44BA3}.Release|Any CPU.Build.0 = Release|Any CPU
		{82CC870C-F2A8-4892-B6D6-3EB53D73216D}.Debug|Any CPU.ActiveCfg = Debug|Any CPU
		{82CC870C-F2A8-4892-B6D6-3EB53D73216D}.Debug|Any CPU.Build.0 = Debug|Any CPU
		{82CC870C-F2A8-4892-B6D6-3EB53D73216D}.Release|Any CPU.ActiveCfg = Release|Any CPU
		{82CC870C-F2A8-4892-B6D6-3EB53D73216D}.Release|Any CPU.Build.0 = Release|Any CPU
		{CFA7A7AF-45D0-4FD7-951C-53EEB2CCCDD5}.Debug|Any CPU.ActiveCfg = Debug|Any CPU
		{CFA7A7AF-45D0-4FD7-951C-53EEB2CCCDD5}.Debug|Any CPU.Build.0 = Debug|Any CPU
		{CFA7A7AF-45D0-4FD7-951C-53EEB2CCCDD5}.Release|Any CPU.ActiveCfg = Release|Any CPU
		{CFA7A7AF-45D0-4FD7-951C-53EEB2CCCDD5}.Release|Any CPU.Build.0 = Release|Any CPU
		{86D3E776-63D8-47D5-AAF9-F3DDB3A99C41}.Debug|Any CPU.ActiveCfg = Debug|Any CPU
		{86D3E776-63D8-47D5-AAF9-F3DDB3A99C41}.Debug|Any CPU.Build.0 = Debug|Any CPU
		{86D3E776-63D8-47D5-AAF9-F3DDB3A99C41}.Release|Any CPU.ActiveCfg = Release|Any CPU
		{86D3E776-63D8-47D5-AAF9-F3DDB3A99C41}.Release|Any CPU.Build.0 = Release|Any CPU
		{A0F4DBC4-CD04-4150-BFA6-BD51BAA8D0B9}.Debug|Any CPU.ActiveCfg = Debug|Any CPU
		{A0F4DBC4-CD04-4150-BFA6-BD51BAA8D0B9}.Debug|Any CPU.Build.0 = Debug|Any CPU
		{A0F4DBC4-CD04-4150-BFA6-BD51BAA8D0B9}.Release|Any CPU.ActiveCfg = Release|Any CPU
		{A0F4DBC4-CD04-4150-BFA6-BD51BAA8D0B9}.Release|Any CPU.Build.0 = Release|Any CPU
		{6DE84A19-55F4-470A-A97C-866158BBA0FF}.Debug|Any CPU.ActiveCfg = Debug|Any CPU
		{6DE84A19-55F4-470A-A97C-866158BBA0FF}.Debug|Any CPU.Build.0 = Debug|Any CPU
		{6DE84A19-55F4-470A-A97C-866158BBA0FF}.Release|Any CPU.ActiveCfg = Release|Any CPU
		{6DE84A19-55F4-470A-A97C-866158BBA0FF}.Release|Any CPU.Build.0 = Release|Any CPU
		{CAD620AA-134C-4CBA-8CF2-1C60B5813F3A}.Debug|Any CPU.ActiveCfg = Debug|Any CPU
		{CAD620AA-134C-4CBA-8CF2-1C60B5813F3A}.Debug|Any CPU.Build.0 = Debug|Any CPU
		{CAD620AA-134C-4CBA-8CF2-1C60B5813F3A}.Release|Any CPU.ActiveCfg = Release|Any CPU
		{CAD620AA-134C-4CBA-8CF2-1C60B5813F3A}.Release|Any CPU.Build.0 = Release|Any CPU
		{0C4BE2D2-6175-4CAD-AC4A-DEFB0F3B4F62}.Debug|Any CPU.ActiveCfg = Debug|Any CPU
		{0C4BE2D2-6175-4CAD-AC4A-DEFB0F3B4F62}.Debug|Any CPU.Build.0 = Debug|Any CPU
		{0C4BE2D2-6175-4CAD-AC4A-DEFB0F3B4F62}.Release|Any CPU.ActiveCfg = Release|Any CPU
		{0C4BE2D2-6175-4CAD-AC4A-DEFB0F3B4F62}.Release|Any CPU.Build.0 = Release|Any CPU
		{6BE9EB87-F75B-4935-BAFE-3E885C898CC9}.Debug|Any CPU.ActiveCfg = Debug|Any CPU
		{6BE9EB87-F75B-4935-BAFE-3E885C898CC9}.Debug|Any CPU.Build.0 = Debug|Any CPU
		{6BE9EB87-F75B-4935-BAFE-3E885C898CC9}.Release|Any CPU.ActiveCfg = Release|Any CPU
		{6BE9EB87-F75B-4935-BAFE-3E885C898CC9}.Release|Any CPU.Build.0 = Release|Any CPU
		{29F8D13C-DD0E-48FB-BC4C-7494533AA257}.Debug|Any CPU.ActiveCfg = Debug|Any CPU
		{29F8D13C-DD0E-48FB-BC4C-7494533AA257}.Debug|Any CPU.Build.0 = Debug|Any CPU
		{29F8D13C-DD0E-48FB-BC4C-7494533AA257}.Release|Any CPU.ActiveCfg = Release|Any CPU
		{29F8D13C-DD0E-48FB-BC4C-7494533AA257}.Release|Any CPU.Build.0 = Release|Any CPU
		{6521FDF0-DA12-4281-8F54-D7B05DB8B9CF}.Debug|Any CPU.ActiveCfg = Debug|Any CPU
		{6521FDF0-DA12-4281-8F54-D7B05DB8B9CF}.Debug|Any CPU.Build.0 = Debug|Any CPU
		{6521FDF0-DA12-4281-8F54-D7B05DB8B9CF}.Release|Any CPU.ActiveCfg = Release|Any CPU
		{6521FDF0-DA12-4281-8F54-D7B05DB8B9CF}.Release|Any CPU.Build.0 = Release|Any CPU
		{BBA64BD1-712E-4474-963F-7F88F8B63B74}.Debug|Any CPU.ActiveCfg = Debug|Any CPU
		{BBA64BD1-712E-4474-963F-7F88F8B63B74}.Debug|Any CPU.Build.0 = Debug|Any CPU
		{BBA64BD1-712E-4474-963F-7F88F8B63B74}.Release|Any CPU.ActiveCfg = Release|Any CPU
		{BBA64BD1-712E-4474-963F-7F88F8B63B74}.Release|Any CPU.Build.0 = Release|Any CPU
		{476B19BA-B9A5-40FE-8462-568C928EB6CC}.Debug|Any CPU.ActiveCfg = Debug|Any CPU
		{476B19BA-B9A5-40FE-8462-568C928EB6CC}.Debug|Any CPU.Build.0 = Debug|Any CPU
		{476B19BA-B9A5-40FE-8462-568C928EB6CC}.Release|Any CPU.ActiveCfg = Release|Any CPU
		{476B19BA-B9A5-40FE-8462-568C928EB6CC}.Release|Any CPU.Build.0 = Release|Any CPU
		{B12FE884-6DD5-4695-9343-91E2D90F6E14}.Debug|Any CPU.ActiveCfg = Debug|Any CPU
		{B12FE884-6DD5-4695-9343-91E2D90F6E14}.Debug|Any CPU.Build.0 = Debug|Any CPU
		{B12FE884-6DD5-4695-9343-91E2D90F6E14}.Release|Any CPU.ActiveCfg = Release|Any CPU
		{B12FE884-6DD5-4695-9343-91E2D90F6E14}.Release|Any CPU.Build.0 = Release|Any CPU
		{14991C45-1F70-4EA9-AB9D-CCE1E20919CE}.Debug|Any CPU.ActiveCfg = Debug|Any CPU
		{14991C45-1F70-4EA9-AB9D-CCE1E20919CE}.Debug|Any CPU.Build.0 = Debug|Any CPU
		{14991C45-1F70-4EA9-AB9D-CCE1E20919CE}.Release|Any CPU.ActiveCfg = Release|Any CPU
		{14991C45-1F70-4EA9-AB9D-CCE1E20919CE}.Release|Any CPU.Build.0 = Release|Any CPU
		{51BAF542-ADCE-4D41-BA64-4A561FC6FE88}.Debug|Any CPU.ActiveCfg = Debug|Any CPU
		{51BAF542-ADCE-4D41-BA64-4A561FC6FE88}.Debug|Any CPU.Build.0 = Debug|Any CPU
		{51BAF542-ADCE-4D41-BA64-4A561FC6FE88}.Release|Any CPU.ActiveCfg = Release|Any CPU
		{51BAF542-ADCE-4D41-BA64-4A561FC6FE88}.Release|Any CPU.Build.0 = Release|Any CPU
		{4DEE898C-2F02-4226-830A-F1DDD5CE543B}.Debug|Any CPU.ActiveCfg = Debug|Any CPU
		{4DEE898C-2F02-4226-830A-F1DDD5CE543B}.Debug|Any CPU.Build.0 = Debug|Any CPU
		{4DEE898C-2F02-4226-830A-F1DDD5CE543B}.Release|Any CPU.ActiveCfg = Release|Any CPU
		{4DEE898C-2F02-4226-830A-F1DDD5CE543B}.Release|Any CPU.Build.0 = Release|Any CPU
		{F690E142-21AC-4246-A005-7733C9F11A25}.Debug|Any CPU.ActiveCfg = Debug|Any CPU
		{F690E142-21AC-4246-A005-7733C9F11A25}.Debug|Any CPU.Build.0 = Debug|Any CPU
		{F690E142-21AC-4246-A005-7733C9F11A25}.Release|Any CPU.ActiveCfg = Release|Any CPU
		{F690E142-21AC-4246-A005-7733C9F11A25}.Release|Any CPU.Build.0 = Release|Any CPU
		{5669D95F-6042-4564-8B01-E04128D02E43}.Debug|Any CPU.ActiveCfg = Debug|Any CPU
		{5669D95F-6042-4564-8B01-E04128D02E43}.Debug|Any CPU.Build.0 = Debug|Any CPU
		{5669D95F-6042-4564-8B01-E04128D02E43}.Release|Any CPU.ActiveCfg = Release|Any CPU
		{5669D95F-6042-4564-8B01-E04128D02E43}.Release|Any CPU.Build.0 = Release|Any CPU
	EndGlobalSection
	GlobalSection(NestedProjects) = preSolution
		{DB6AC7FA-C6B4-4688-A52F-7F6F6BFE522D} = {09B3A620-2CD2-43EF-85AC-FBDF60B798E9}
		{4FE3567D-DF16-47C0-B10B-A05671BAD460} = {DB6AC7FA-C6B4-4688-A52F-7F6F6BFE522D}
		{C2405C2E-FEF1-4BB4-811C-5E62551FA495} = {DB6AC7FA-C6B4-4688-A52F-7F6F6BFE522D}
		{4B01B842-C8D4-40F5-89DC-8C378FD69AFA} = {DB6AC7FA-C6B4-4688-A52F-7F6F6BFE522D}
		{121ED824-178D-4BD6-A5D7-D6D6E424BB02} = {DB6AC7FA-C6B4-4688-A52F-7F6F6BFE522D}
		{DD28AFA9-2319-486B-B531-2A5245380211} = {09B3A620-2CD2-43EF-85AC-FBDF60B798E9}
		{6F843CDD-AF2F-4EBA-AE4E-2F7B42FD8025} = {09B3A620-2CD2-43EF-85AC-FBDF60B798E9}
		{B38255CE-B46C-4108-A577-614220C73946} = {6F843CDD-AF2F-4EBA-AE4E-2F7B42FD8025}
		{B7C89B96-2164-42BE-B354-6F7BEBEF97D7} = {6F843CDD-AF2F-4EBA-AE4E-2F7B42FD8025}
		{A20EDC68-3695-423E-A474-13FF9C5CF345} = {6F843CDD-AF2F-4EBA-AE4E-2F7B42FD8025}
		{F9B59EED-37A3-4FFD-ACBC-FEDF263D728C} = {6F843CDD-AF2F-4EBA-AE4E-2F7B42FD8025}
		{C6895142-4199-40E3-8D6D-CE3B1435729C} = {6F843CDD-AF2F-4EBA-AE4E-2F7B42FD8025}
		{08F33417-5172-4463-AB8D-6878D7F372FB} = {6F843CDD-AF2F-4EBA-AE4E-2F7B42FD8025}
		{16B2C064-0C2F-4318-AA36-8876E597E61F} = {09B3A620-2CD2-43EF-85AC-FBDF60B798E9}
		{E504495C-B244-478B-BEB8-6ABCDD2217C9} = {09B3A620-2CD2-43EF-85AC-FBDF60B798E9}
		{DB244599-8A7F-45A0-8BD4-93993DCC65ED} = {E504495C-B244-478B-BEB8-6ABCDD2217C9}
		{52E4AB36-4FBB-4658-BCE6-52D4255E437A} = {E504495C-B244-478B-BEB8-6ABCDD2217C9}
		{9A40255C-212D-46BC-B599-0A483812FF42} = {E504495C-B244-478B-BEB8-6ABCDD2217C9}
		{66E9E29A-FE34-4D4C-8BF6-894BBA40193C} = {E504495C-B244-478B-BEB8-6ABCDD2217C9}
		{0B4302B2-9DEA-481B-B8EB-1E269651B84B} = {09B3A620-2CD2-43EF-85AC-FBDF60B798E9}
		{A60183F2-F9AD-4FA8-BCE1-AD1E8E83C8E3} = {0B4302B2-9DEA-481B-B8EB-1E269651B84B}
		{F2AA9A6F-A81C-4940-BB08-2510ED548F7D} = {0B4302B2-9DEA-481B-B8EB-1E269651B84B}
		{87EAE0C0-D2B2-4D4D-A19C-8BF3CDC44BA3} = {0B4302B2-9DEA-481B-B8EB-1E269651B84B}
		{82CC870C-F2A8-4892-B6D6-3EB53D73216D} = {0B4302B2-9DEA-481B-B8EB-1E269651B84B}
		{EB06A245-2854-424D-A956-1DDB8E5F007C} = {09B3A620-2CD2-43EF-85AC-FBDF60B798E9}
		{CFA7A7AF-45D0-4FD7-951C-53EEB2CCCDD5} = {EB06A245-2854-424D-A956-1DDB8E5F007C}
		{86D3E776-63D8-47D5-AAF9-F3DDB3A99C41} = {EB06A245-2854-424D-A956-1DDB8E5F007C}
		{A0F4DBC4-CD04-4150-BFA6-BD51BAA8D0B9} = {EB06A245-2854-424D-A956-1DDB8E5F007C}
		{6DE84A19-55F4-470A-A97C-866158BBA0FF} = {EB06A245-2854-424D-A956-1DDB8E5F007C}
		{CAD620AA-134C-4CBA-8CF2-1C60B5813F3A} = {EB06A245-2854-424D-A956-1DDB8E5F007C}
		{0F71B053-9651-4058-AF88-1516C9CCE47B} = {09B3A620-2CD2-43EF-85AC-FBDF60B798E9}
		{0C4BE2D2-6175-4CAD-AC4A-DEFB0F3B4F62} = {0F71B053-9651-4058-AF88-1516C9CCE47B}
		{6BE9EB87-F75B-4935-BAFE-3E885C898CC9} = {0F71B053-9651-4058-AF88-1516C9CCE47B}
		{29F8D13C-DD0E-48FB-BC4C-7494533AA257} = {0F71B053-9651-4058-AF88-1516C9CCE47B}
		{6521FDF0-DA12-4281-8F54-D7B05DB8B9CF} = {0F71B053-9651-4058-AF88-1516C9CCE47B}
		{5D48C8FA-5058-47FE-845A-913A26BA8DC5} = {71B7235B-98D6-4576-8225-55E2A5960F3C}
		{BBA64BD1-712E-4474-963F-7F88F8B63B74} = {5D48C8FA-5058-47FE-845A-913A26BA8DC5}
		{476B19BA-B9A5-40FE-8462-568C928EB6CC} = {5D48C8FA-5058-47FE-845A-913A26BA8DC5}
		{B644ED9F-7801-4154-A723-F9F7B4AF4B51} = {71B7235B-98D6-4576-8225-55E2A5960F3C}
		{4AEE4802-981F-484E-9182-AC710B7DBE76} = {B644ED9F-7801-4154-A723-F9F7B4AF4B51}
		{26428D80-6641-45AF-AB97-FD5C7A766B6C} = {4AEE4802-981F-484E-9182-AC710B7DBE76}
		{B12FE884-6DD5-4695-9343-91E2D90F6E14} = {26428D80-6641-45AF-AB97-FD5C7A766B6C}
		{14991C45-1F70-4EA9-AB9D-CCE1E20919CE} = {92243A01-387E-4048-9215-3708454FC51E}
		{51BAF542-ADCE-4D41-BA64-4A561FC6FE88} = {DD28AFA9-2319-486B-B531-2A5245380211}
		{4DEE898C-2F02-4226-830A-F1DDD5CE543B} = {DD28AFA9-2319-486B-B531-2A5245380211}
		{F690E142-21AC-4246-A005-7733C9F11A25} = {DD28AFA9-2319-486B-B531-2A5245380211}
		{5669D95F-6042-4564-8B01-E04128D02E43} = {DD28AFA9-2319-486B-B531-2A5245380211}
	EndGlobalSection
EndGlobal
